
Microsoft Visual Studio Solution File, Format Version 12.00
# Visual Studio Version 16
VisualStudioVersion = 16.0.30711.63
MinimumVisualStudioVersion = 15.0.26124.0
Project("{9A19103F-16F7-4668-BE54-9A1E7A4F7556}") = "Day01", "Day01\Day01.csproj", "{B9976ABD-9BF7-4568-BE0B-3D5AC0BAC9D2}"
EndProject
Project("{FAE04EC0-301F-11D3-BF4B-00C04F79EFBC}") = "Day02", "Day02\Day02.csproj", "{70075B08-6993-4DB0-BE23-92E29258E5B0}"
EndProject
Project("{FAE04EC0-301F-11D3-BF4B-00C04F79EFBC}") = "Day03", "Day03\Day03.csproj", "{2CC45C2C-AE11-475D-9D84-C3ADA4911A8E}"
EndProject
Project("{FAE04EC0-301F-11D3-BF4B-00C04F79EFBC}") = "Day04", "Day04\Day04.csproj", "{868D930C-46F3-4285-88FA-B2C9A46EB197}"
EndProject
Project("{FAE04EC0-301F-11D3-BF4B-00C04F79EFBC}") = "Day05", "Day05\Day05.csproj", "{6E79D172-AE59-4B3B-A486-3F2E0432E6E7}"
EndProject
Project("{FAE04EC0-301F-11D3-BF4B-00C04F79EFBC}") = "Day06", "Day06\Day06.csproj", "{2E6258AA-4A87-4267-BC4A-B7BEE4F2A73A}"
EndProject
Project("{FAE04EC0-301F-11D3-BF4B-00C04F79EFBC}") = "Day07", "Day07\Day07.csproj", "{12098DF9-AF63-4C59-8FB8-B29E71571676}"
EndProject
Project("{FAE04EC0-301F-11D3-BF4B-00C04F79EFBC}") = "Day08", "Day08\Day08.csproj", "{C2E6B6E4-13F3-4984-81E1-20495515B3E3}"
EndProject
Global
	GlobalSection(SolutionConfigurationPlatforms) = preSolution
		Debug|Any CPU = Debug|Any CPU
		Debug|x64 = Debug|x64
		Debug|x86 = Debug|x86
		Release|Any CPU = Release|Any CPU
		Release|x64 = Release|x64
		Release|x86 = Release|x86
	EndGlobalSection
	GlobalSection(ProjectConfigurationPlatforms) = postSolution
		{B9976ABD-9BF7-4568-BE0B-3D5AC0BAC9D2}.Debug|Any CPU.ActiveCfg = Debug|Any CPU
		{B9976ABD-9BF7-4568-BE0B-3D5AC0BAC9D2}.Debug|Any CPU.Build.0 = Debug|Any CPU
		{B9976ABD-9BF7-4568-BE0B-3D5AC0BAC9D2}.Debug|x64.ActiveCfg = Debug|Any CPU
		{B9976ABD-9BF7-4568-BE0B-3D5AC0BAC9D2}.Debug|x64.Build.0 = Debug|Any CPU
		{B9976ABD-9BF7-4568-BE0B-3D5AC0BAC9D2}.Debug|x86.ActiveCfg = Debug|Any CPU
		{B9976ABD-9BF7-4568-BE0B-3D5AC0BAC9D2}.Debug|x86.Build.0 = Debug|Any CPU
		{B9976ABD-9BF7-4568-BE0B-3D5AC0BAC9D2}.Release|Any CPU.ActiveCfg = Release|Any CPU
		{B9976ABD-9BF7-4568-BE0B-3D5AC0BAC9D2}.Release|Any CPU.Build.0 = Release|Any CPU
		{B9976ABD-9BF7-4568-BE0B-3D5AC0BAC9D2}.Release|x64.ActiveCfg = Release|Any CPU
		{B9976ABD-9BF7-4568-BE0B-3D5AC0BAC9D2}.Release|x64.Build.0 = Release|Any CPU
		{B9976ABD-9BF7-4568-BE0B-3D5AC0BAC9D2}.Release|x86.ActiveCfg = Release|Any CPU
		{B9976ABD-9BF7-4568-BE0B-3D5AC0BAC9D2}.Release|x86.Build.0 = Release|Any CPU
		{70075B08-6993-4DB0-BE23-92E29258E5B0}.Debug|Any CPU.ActiveCfg = Debug|Any CPU
		{70075B08-6993-4DB0-BE23-92E29258E5B0}.Debug|Any CPU.Build.0 = Debug|Any CPU
		{70075B08-6993-4DB0-BE23-92E29258E5B0}.Debug|x64.ActiveCfg = Debug|Any CPU
		{70075B08-6993-4DB0-BE23-92E29258E5B0}.Debug|x64.Build.0 = Debug|Any CPU
		{70075B08-6993-4DB0-BE23-92E29258E5B0}.Debug|x86.ActiveCfg = Debug|Any CPU
		{70075B08-6993-4DB0-BE23-92E29258E5B0}.Debug|x86.Build.0 = Debug|Any CPU
		{70075B08-6993-4DB0-BE23-92E29258E5B0}.Release|Any CPU.ActiveCfg = Release|Any CPU
		{70075B08-6993-4DB0-BE23-92E29258E5B0}.Release|Any CPU.Build.0 = Release|Any CPU
		{70075B08-6993-4DB0-BE23-92E29258E5B0}.Release|x64.ActiveCfg = Release|Any CPU
		{70075B08-6993-4DB0-BE23-92E29258E5B0}.Release|x64.Build.0 = Release|Any CPU
		{70075B08-6993-4DB0-BE23-92E29258E5B0}.Release|x86.ActiveCfg = Release|Any CPU
		{70075B08-6993-4DB0-BE23-92E29258E5B0}.Release|x86.Build.0 = Release|Any CPU
		{2CC45C2C-AE11-475D-9D84-C3ADA4911A8E}.Debug|Any CPU.ActiveCfg = Debug|Any CPU
		{2CC45C2C-AE11-475D-9D84-C3ADA4911A8E}.Debug|Any CPU.Build.0 = Debug|Any CPU
		{2CC45C2C-AE11-475D-9D84-C3ADA4911A8E}.Debug|x64.ActiveCfg = Debug|Any CPU
		{2CC45C2C-AE11-475D-9D84-C3ADA4911A8E}.Debug|x64.Build.0 = Debug|Any CPU
		{2CC45C2C-AE11-475D-9D84-C3ADA4911A8E}.Debug|x86.ActiveCfg = Debug|Any CPU
		{2CC45C2C-AE11-475D-9D84-C3ADA4911A8E}.Debug|x86.Build.0 = Debug|Any CPU
		{2CC45C2C-AE11-475D-9D84-C3ADA4911A8E}.Release|Any CPU.ActiveCfg = Release|Any CPU
		{2CC45C2C-AE11-475D-9D84-C3ADA4911A8E}.Release|Any CPU.Build.0 = Release|Any CPU
		{2CC45C2C-AE11-475D-9D84-C3ADA4911A8E}.Release|x64.ActiveCfg = Release|Any CPU
		{2CC45C2C-AE11-475D-9D84-C3ADA4911A8E}.Release|x64.Build.0 = Release|Any CPU
		{2CC45C2C-AE11-475D-9D84-C3ADA4911A8E}.Release|x86.ActiveCfg = Release|Any CPU
		{2CC45C2C-AE11-475D-9D84-C3ADA4911A8E}.Release|x86.Build.0 = Release|Any CPU
		{868D930C-46F3-4285-88FA-B2C9A46EB197}.Debug|Any CPU.ActiveCfg = Debug|Any CPU
		{868D930C-46F3-4285-88FA-B2C9A46EB197}.Debug|Any CPU.Build.0 = Debug|Any CPU
		{868D930C-46F3-4285-88FA-B2C9A46EB197}.Debug|x64.ActiveCfg = Debug|Any CPU
		{868D930C-46F3-4285-88FA-B2C9A46EB197}.Debug|x64.Build.0 = Debug|Any CPU
		{868D930C-46F3-4285-88FA-B2C9A46EB197}.Debug|x86.ActiveCfg = Debug|Any CPU
		{868D930C-46F3-4285-88FA-B2C9A46EB197}.Debug|x86.Build.0 = Debug|Any CPU
		{868D930C-46F3-4285-88FA-B2C9A46EB197}.Release|Any CPU.ActiveCfg = Release|Any CPU
		{868D930C-46F3-4285-88FA-B2C9A46EB197}.Release|Any CPU.Build.0 = Release|Any CPU
		{868D930C-46F3-4285-88FA-B2C9A46EB197}.Release|x64.ActiveCfg = Release|Any CPU
		{868D930C-46F3-4285-88FA-B2C9A46EB197}.Release|x64.Build.0 = Release|Any CPU
		{868D930C-46F3-4285-88FA-B2C9A46EB197}.Release|x86.ActiveCfg = Release|Any CPU
		{868D930C-46F3-4285-88FA-B2C9A46EB197}.Release|x86.Build.0 = Release|Any CPU
		{6E79D172-AE59-4B3B-A486-3F2E0432E6E7}.Debug|Any CPU.ActiveCfg = Debug|Any CPU
		{6E79D172-AE59-4B3B-A486-3F2E0432E6E7}.Debug|Any CPU.Build.0 = Debug|Any CPU
		{6E79D172-AE59-4B3B-A486-3F2E0432E6E7}.Debug|x64.ActiveCfg = Debug|Any CPU
		{6E79D172-AE59-4B3B-A486-3F2E0432E6E7}.Debug|x64.Build.0 = Debug|Any CPU
		{6E79D172-AE59-4B3B-A486-3F2E0432E6E7}.Debug|x86.ActiveCfg = Debug|Any CPU
		{6E79D172-AE59-4B3B-A486-3F2E0432E6E7}.Debug|x86.Build.0 = Debug|Any CPU
		{6E79D172-AE59-4B3B-A486-3F2E0432E6E7}.Release|Any CPU.ActiveCfg = Release|Any CPU
		{6E79D172-AE59-4B3B-A486-3F2E0432E6E7}.Release|Any CPU.Build.0 = Release|Any CPU
		{6E79D172-AE59-4B3B-A486-3F2E0432E6E7}.Release|x64.ActiveCfg = Release|Any CPU
		{6E79D172-AE59-4B3B-A486-3F2E0432E6E7}.Release|x64.Build.0 = Release|Any CPU
		{6E79D172-AE59-4B3B-A486-3F2E0432E6E7}.Release|x86.ActiveCfg = Release|Any CPU
		{6E79D172-AE59-4B3B-A486-3F2E0432E6E7}.Release|x86.Build.0 = Release|Any CPU
		{2E6258AA-4A87-4267-BC4A-B7BEE4F2A73A}.Debug|Any CPU.ActiveCfg = Debug|Any CPU
		{2E6258AA-4A87-4267-BC4A-B7BEE4F2A73A}.Debug|Any CPU.Build.0 = Debug|Any CPU
		{2E6258AA-4A87-4267-BC4A-B7BEE4F2A73A}.Debug|x64.ActiveCfg = Debug|Any CPU
		{2E6258AA-4A87-4267-BC4A-B7BEE4F2A73A}.Debug|x64.Build.0 = Debug|Any CPU
		{2E6258AA-4A87-4267-BC4A-B7BEE4F2A73A}.Debug|x86.ActiveCfg = Debug|Any CPU
		{2E6258AA-4A87-4267-BC4A-B7BEE4F2A73A}.Debug|x86.Build.0 = Debug|Any CPU
		{2E6258AA-4A87-4267-BC4A-B7BEE4F2A73A}.Release|Any CPU.ActiveCfg = Release|Any CPU
		{2E6258AA-4A87-4267-BC4A-B7BEE4F2A73A}.Release|Any CPU.Build.0 = Release|Any CPU
		{2E6258AA-4A87-4267-BC4A-B7BEE4F2A73A}.Release|x64.ActiveCfg = Release|Any CPU
		{2E6258AA-4A87-4267-BC4A-B7BEE4F2A73A}.Release|x64.Build.0 = Release|Any CPU
		{2E6258AA-4A87-4267-BC4A-B7BEE4F2A73A}.Release|x86.ActiveCfg = Release|Any CPU
		{2E6258AA-4A87-4267-BC4A-B7BEE4F2A73A}.Release|x86.Build.0 = Release|Any CPU
		{12098DF9-AF63-4C59-8FB8-B29E71571676}.Debug|Any CPU.ActiveCfg = Debug|Any CPU
		{12098DF9-AF63-4C59-8FB8-B29E71571676}.Debug|Any CPU.Build.0 = Debug|Any CPU
		{12098DF9-AF63-4C59-8FB8-B29E71571676}.Debug|x64.ActiveCfg = Debug|Any CPU
		{12098DF9-AF63-4C59-8FB8-B29E71571676}.Debug|x64.Build.0 = Debug|Any CPU
		{12098DF9-AF63-4C59-8FB8-B29E71571676}.Debug|x86.ActiveCfg = Debug|Any CPU
		{12098DF9-AF63-4C59-8FB8-B29E71571676}.Debug|x86.Build.0 = Debug|Any CPU
		{12098DF9-AF63-4C59-8FB8-B29E71571676}.Release|Any CPU.ActiveCfg = Release|Any CPU
		{12098DF9-AF63-4C59-8FB8-B29E71571676}.Release|Any CPU.Build.0 = Release|Any CPU
		{12098DF9-AF63-4C59-8FB8-B29E71571676}.Release|x64.ActiveCfg = Release|Any CPU
		{12098DF9-AF63-4C59-8FB8-B29E71571676}.Release|x64.Build.0 = Release|Any CPU
		{12098DF9-AF63-4C59-8FB8-B29E71571676}.Release|x86.ActiveCfg = Release|Any CPU
		{12098DF9-AF63-4C59-8FB8-B29E71571676}.Release|x86.Build.0 = Release|Any CPU
		{C2E6B6E4-13F3-4984-81E1-20495515B3E3}.Debug|Any CPU.ActiveCfg = Debug|Any CPU
		{C2E6B6E4-13F3-4984-81E1-20495515B3E3}.Debug|Any CPU.Build.0 = Debug|Any CPU
		{C2E6B6E4-13F3-4984-81E1-20495515B3E3}.Debug|x64.ActiveCfg = Debug|Any CPU
		{C2E6B6E4-13F3-4984-81E1-20495515B3E3}.Debug|x64.Build.0 = Debug|Any CPU
		{C2E6B6E4-13F3-4984-81E1-20495515B3E3}.Debug|x86.ActiveCfg = Debug|Any CPU
		{C2E6B6E4-13F3-4984-81E1-20495515B3E3}.Debug|x86.Build.0 = Debug|Any CPU
		{C2E6B6E4-13F3-4984-81E1-20495515B3E3}.Release|Any CPU.ActiveCfg = Release|Any CPU
		{C2E6B6E4-13F3-4984-81E1-20495515B3E3}.Release|Any CPU.Build.0 = Release|Any CPU
		{C2E6B6E4-13F3-4984-81E1-20495515B3E3}.Release|x64.ActiveCfg = Release|Any CPU
		{C2E6B6E4-13F3-4984-81E1-20495515B3E3}.Release|x64.Build.0 = Release|Any CPU
		{C2E6B6E4-13F3-4984-81E1-20495515B3E3}.Release|x86.ActiveCfg = Release|Any CPU
		{C2E6B6E4-13F3-4984-81E1-20495515B3E3}.Release|x86.Build.0 = Release|Any CPU
	EndGlobalSection
	GlobalSection(SolutionProperties) = preSolution
		HideSolutionNode = FALSE
	EndGlobalSection
	GlobalSection(ExtensibilityGlobals) = postSolution
		SolutionGuid = {F2636A5D-8FF6-4122-BD02-D5D748BEA14E}
	EndGlobalSection
EndGlobal
